
Microsoft Visual Studio Solution File, Format Version 12.00
# Visual Studio Version 16
VisualStudioVersion = 16.0.30804.86
MinimumVisualStudioVersion = 10.0.40219.1
Project("{FAE04EC0-301F-11D3-BF4B-00C04F79EFBC}") = "THConsoleAppWcfKlient", "THConsoleAppWcfKlient\THConsoleAppWcfKlient.csproj", "{9CE22654-981E-4F6D-B500-E8F67CD32550}"
EndProject
Global
	GlobalSection(SolutionConfigurationPlatforms) = preSolution
		Debug|Any CPU = Debug|Any CPU
		Release|Any CPU = Release|Any CPU
	EndGlobalSection
	GlobalSection(ProjectConfigurationPlatforms) = postSolution
		{9CE22654-981E-4F6D-B500-E8F67CD32550}.Debug|Any CPU.ActiveCfg = Debug|Any CPU
		{9CE22654-981E-4F6D-B500-E8F67CD32550}.Debug|Any CPU.Build.0 = Debug|Any CPU
		{9CE22654-981E-4F6D-B500-E8F67CD32550}.Release|Any CPU.ActiveCfg = Release|Any CPU
		{9CE22654-981E-4F6D-B500-E8F67CD32550}.Release|Any CPU.Build.0 = Release|Any CPU
	EndGlobalSection
	GlobalSection(SolutionProperties) = preSolution
		HideSolutionNode = FALSE
	EndGlobalSection
	GlobalSection(ExtensibilityGlobals) = postSolution
		SolutionGuid = {5787DC4C-BB27-4DD5-9234-C09F2F18ABFF}
	EndGlobalSection
EndGlobal
